{
  "name": "ascii-shell-greets",
  "version": "1.0.1",
  "lockfileVersion": 3,
  "requires": true,
  "packages": {
    "": {
      "name": "ascii-shell-greets",
      "version": "1.0.1",
      "hasInstallScript": true,
      "license": "MIT",
      "bin": {
        "ascii-shell-greets": "bin/ascii-shell-greets.js"
      },
      "engines": {
        "node": ">=18"
      }
    }
  }
}
